// !$*UTF8*$!
{
	archiveVersion = 1;
	classes = {
	};
	objectVersion = 50;
	objects = {

/* Begin PBXBuildFile section */
		10F2033224A5CFC500FA6FAA /* AppDelegate.swift in Sources */ = {isa = PBXBuildFile; fileRef = 10F2033124A5CFC500FA6FAA /* AppDelegate.swift */; };
		10F2033424A5CFC500FA6FAA /* SceneDelegate.swift in Sources */ = {isa = PBXBuildFile; fileRef = 10F2033324A5CFC500FA6FAA /* SceneDelegate.swift */; };
		10F2033624A5CFC500FA6FAA /* IntroductionViewController.swift in Sources */ = {isa = PBXBuildFile; fileRef = 10F2033524A5CFC500FA6FAA /* IntroductionViewController.swift */; };
		10F2033924A5CFC500FA6FAA /* Main.storyboard in Resources */ = {isa = PBXBuildFile; fileRef = 10F2033724A5CFC500FA6FAA /* Main.storyboard */; };
		10F2033B24A5CFC900FA6FAA /* Assets.xcassets in Resources */ = {isa = PBXBuildFile; fileRef = 10F2033A24A5CFC900FA6FAA /* Assets.xcassets */; };
		10F2033E24A5CFC900FA6FAA /* LaunchScreen.storyboard in Resources */ = {isa = PBXBuildFile; fileRef = 10F2033C24A5CFC900FA6FAA /* LaunchScreen.storyboard */; };
		10F2034624A5D29100FA6FAA /* QuestionViewController.swift in Sources */ = {isa = PBXBuildFile; fileRef = 10F2034524A5D29100FA6FAA /* QuestionViewController.swift */; };
		10F2034824A5D2B800FA6FAA /* ResultsViewController.swift in Sources */ = {isa = PBXBuildFile; fileRef = 10F2034724A5D2B800FA6FAA /* ResultsViewController.swift */; };
		10F2034A24A5DB0C00FA6FAA /* QuestionData.swift in Sources */ = {isa = PBXBuildFile; fileRef = 10F2034924A5DB0C00FA6FAA /* QuestionData.swift */; };
/* End PBXBuildFile section */

/* Begin PBXFileReference section */
		10F2032E24A5CFC500FA6FAA /* PersonalityQuiz.app */ = {isa = PBXFileReference; explicitFileType = wrapper.application; includeInIndex = 0; path = PersonalityQuiz.app; sourceTree = BUILT_PRODUCTS_DIR; };
		10F2033124A5CFC500FA6FAA /* AppDelegate.swift */ = {isa = PBXFileReference; lastKnownFileType = sourcecode.swift; path = AppDelegate.swift; sourceTree = "<group>"; };
		10F2033324A5CFC500FA6FAA /* SceneDelegate.swift */ = {isa = PBXFileReference; lastKnownFileType = sourcecode.swift; path = SceneDelegate.swift; sourceTree = "<group>"; };
		10F2033524A5CFC500FA6FAA /* IntroductionViewController.swift */ = {isa = PBXFileReference; lastKnownFileType = sourcecode.swift; path = IntroductionViewController.swift; sourceTree = "<group>"; };
		10F2033824A5CFC500FA6FAA /* Base */ = {isa = PBXFileReference; lastKnownFileType = file.storyboard; name = Base; path = Base.lproj/Main.storyboard; sourceTree = "<group>"; };
		10F2033A24A5CFC900FA6FAA /* Assets.xcassets */ = {isa = PBXFileReference; lastKnownFileType = folder.assetcatalog; path = Assets.xcassets; sourceTree = "<group>"; };
		10F2033D24A5CFC900FA6FAA /* Base */ = {isa = PBXFileReference; lastKnownFileType = file.storyboard; name = Base; path = Base.lproj/LaunchScreen.storyboard; sourceTree = "<group>"; };
		10F2033F24A5CFC900FA6FAA /* Info.plist */ = {isa = PBXFileReference; lastKnownFileType = text.plist.xml; path = Info.plist; sourceTree = "<group>"; };
		10F2034524A5D29100FA6FAA /* QuestionViewController.swift */ = {isa = PBXFileReference; lastKnownFileType = sourcecode.swift; path = QuestionViewController.swift; sourceTree = "<group>"; };
		10F2034724A5D2B800FA6FAA /* ResultsViewController.swift */ = {isa = PBXFileReference; lastKnownFileType = sourcecode.swift; path = ResultsViewController.swift; sourceTree = "<group>"; };
		10F2034924A5DB0C00FA6FAA /* QuestionData.swift */ = {isa = PBXFileReference; lastKnownFileType = sourcecode.swift; path = QuestionData.swift; sourceTree = "<group>"; };
/* End PBXFileReference section */

/* Begin PBXFrameworksBuildPhase section */
		10F2032B24A5CFC500FA6FAA /* Frameworks */ = {
			isa = PBXFrameworksBuildPhase;
			buildActionMask = 2147483647;
			files = (
			);
			runOnlyForDeploymentPostprocessing = 0;
		};
/* End PBXFrameworksBuildPhase section */

/* Begin PBXGroup section */
		10F2032524A5CFC500FA6FAA = {
			isa = PBXGroup;
			children = (
				10F2033024A5CFC500FA6FAA /* PersonalityQuiz */,
				10F2032F24A5CFC500FA6FAA /* Products */,
			);
			sourceTree = "<group>";
		};
		10F2032F24A5CFC500FA6FAA /* Products */ = {
			isa = PBXGroup;
			children = (
				10F2032E24A5CFC500FA6FAA /* PersonalityQuiz.app */,
			);
			name = Products;
			sourceTree = "<group>";
		};
		10F2033024A5CFC500FA6FAA /* PersonalityQuiz */ = {
			isa = PBXGroup;
			children = (
				10F2033124A5CFC500FA6FAA /* AppDelegate.swift */,
				10F2033324A5CFC500FA6FAA /* SceneDelegate.swift */,
				10F2033524A5CFC500FA6FAA /* IntroductionViewController.swift */,
				10F2034524A5D29100FA6FAA /* QuestionViewController.swift */,
				10F2034724A5D2B800FA6FAA /* ResultsViewController.swift */,
				10F2034924A5DB0C00FA6FAA /* QuestionData.swift */,
				10F2033724A5CFC500FA6FAA /* Main.storyboard */,
				10F2033A24A5CFC900FA6FAA /* Assets.xcassets */,
				10F2033C24A5CFC900FA6FAA /* LaunchScreen.storyboard */,
				10F2033F24A5CFC900FA6FAA /* Info.plist */,
			);
			path = PersonalityQuiz;
			sourceTree = "<group>";
		};
/* End PBXGroup section */

/* Begin PBXNativeTarget section */
		10F2032D24A5CFC500FA6FAA /* PersonalityQuiz */ = {
			isa = PBXNativeTarget;
			buildConfigurationList = 10F2034224A5CFC900FA6FAA /* Build configuration list for PBXNativeTarget "PersonalityQuiz" */;
			buildPhases = (
				10F2032A24A5CFC500FA6FAA /* Sources */,
				10F2032B24A5CFC500FA6FAA /* Frameworks */,
				10F2032C24A5CFC500FA6FAA /* Resources */,
			);
			buildRules = (
			);
			dependencies = (
			);
			name = PersonalityQuiz;
			productName = PersonalityQuiz;
			productReference = 10F2032E24A5CFC500FA6FAA /* PersonalityQuiz.app */;
			productType = "com.apple.product-type.application";
		};
/* End PBXNativeTarget section */

/* Begin PBXProject section */
		10F2032624A5CFC500FA6FAA /* Project object */ = {
			isa = PBXProject;
			attributes = {
				LastSwiftUpdateCheck = 1150;
				LastUpgradeCheck = 1150;
				ORGANIZATIONNAME = "Arin Asawa";
				TargetAttributes = {
					10F2032D24A5CFC500FA6FAA = {
						CreatedOnToolsVersion = 11.5;
					};
				};
			};
			buildConfigurationList = 10F2032924A5CFC500FA6FAA /* Build configuration list for PBXProject "PersonalityQuiz" */;
			compatibilityVersion = "Xcode 9.3";
			developmentRegion = en;
			hasScannedForEncodings = 0;
			knownRegions = (
				en,
				Base,
			);
			mainGroup = 10F2032524A5CFC500FA6FAA;
			productRefGroup = 10F2032F24A5CFC500FA6FAA /* Products */;
			projectDirPath = "";
			projectRoot = "";
			targets = (
				10F2032D24A5CFC500FA6FAA /* PersonalityQuiz */,
			);
		};
/* End PBXProject section */

/* Begin PBXResourcesBuildPhase section */
		10F2032C24A5CFC500FA6FAA /* Resources */ = {
			isa = PBXResourcesBuildPhase;
			buildActionMask = 2147483647;
			files = (
				10F2033E24A5CFC900FA6FAA /* LaunchScreen.storyboard in Resources */,
				10F2033B24A5CFC900FA6FAA /* Assets.xcassets in Resources */,
				10F2033924A5CFC500FA6FAA /* Main.storyboard in Resources */,
			);
			runOnlyForDeploymentPostprocessing = 0;
		};
/* End PBXResourcesBuildPhase section */

/* Begin PBXSourcesBuildPhase section */
		10F2032A24A5CFC500FA6FAA /* Sources */ = {
			isa = PBXSourcesBuildPhase;
			buildActionMask = 2147483647;
			files = (
				10F2033624A5CFC500FA6FAA /* IntroductionViewController.swift in Sources */,
				10F2033224A5CFC500FA6FAA /* AppDelegate.swift in Sources */,
				10F2034624A5D29100FA6FAA /* QuestionViewController.swift in Sources */,
				10F2034A24A5DB0C00FA6FAA /* QuestionData.swift in Sources */,
				10F2034824A5D2B800FA6FAA /* ResultsViewController.swift in Sources */,
				10F2033424A5CFC500FA6FAA /* SceneDelegate.swift in Sources */,
			);
			runOnlyForDeploymentPostprocessing = 0;
		};
/* End PBXSourcesBuildPhase section */

/* Begin PBXVariantGroup section */
		10F2033724A5CFC500FA6FAA /* Main.storyboard */ = {
			isa = PBXVariantGroup;
			children = (
				10F2033824A5CFC500FA6FAA /* Base */,
			);
			name = Main.storyboard;
			sourceTree = "<group>";
		};
		10F2033C24A5CFC900FA6FAA /* LaunchScreen.storyboard */ = {
			isa = PBXVariantGroup;
			children = (
				10F2033D24A5CFC900FA6FAA /* Base */,
			);
			name = LaunchScreen.storyboard;
			sourceTree = "<group>";
		};
/* End PBXVariantGroup section */

/* Begin XCBuildConfiguration section */
		10F2034024A5CFC900FA6FAA /* Debug */ = {
			isa = XCBuildConfiguration;
			buildSettings = {
				ALWAYS_SEARCH_USER_PATHS = NO;
				CLANG_ANALYZER_NONNULL = YES;
				CLANG_ANALYZER_NUMBER_OBJECT_CONVERSION = YES_AGGRESSIVE;
				CLANG_CXX_LANGUAGE_STANDARD = "gnu++14";
				CLANG_CXX_LIBRARY = "libc++";
				CLANG_ENABLE_MODULES = YES;
				CLANG_ENABLE_OBJC_ARC = YES;
				CLANG_ENABLE_OBJC_WEAK = YES;
				CLANG_WARN_BLOCK_CAPTURE_AUTORELEASING = YES;
				CLANG_WARN_BOOL_CONVERSION = YES;
				CLANG_WARN_COMMA = YES;
				CLANG_WARN_CONSTANT_CONVERSION = YES;
				CLANG_WARN_DEPRECATED_OBJC_IMPLEMENTATIONS = YES;
				CLANG_WARN_DIRECT_OBJC_ISA_USAGE = YES_ERROR;
				CLANG_WARN_DOCUMENTATION_COMMENTS = YES;
				CLANG_WARN_EMPTY_BODY = YES;
				CLANG_WARN_ENUM_CONVERSION = YES;
				CLANG_WARN_INFINITE_RECURSION = YES;
				CLANG_WARN_INT_CONVERSION = YES;
				CLANG_WARN_NON_LITERAL_NULL_CONVERSION = YES;
				CLANG_WARN_OBJC_IMPLICIT_RETAIN_SELF = YES;
				CLANG_WARN_OBJC_LITERAL_CONVERSION = YES;
				CLANG_WARN_OBJC_ROOT_CLASS = YES_ERROR;
				CLANG_WARN_RANGE_LOOP_ANALYSIS = YES;
				CLANG_WARN_STRICT_PROTOTYPES = YES;
				CLANG_WARN_SUSPICIOUS_MOVE = YES;
				CLANG_WARN_UNGUARDED_AVAILABILITY = YES_AGGRESSIVE;
				CLANG_WARN_UNREACHABLE_CODE = YES;
				CLANG_WARN__DUPLICATE_METHOD_MATCH = YES;
				COPY_PHASE_STRIP = NO;
				DEBUG_INFORMATION_FORMAT = dwarf;
				ENABLE_STRICT_OBJC_MSGSEND = YES;
				ENABLE_TESTABILITY = YES;
				GCC_C_LANGUAGE_STANDARD = gnu11;
				GCC_DYNAMIC_NO_PIC = NO;
				GCC_NO_COMMON_BLOCKS = YES;
				GCC_OPTIMIZATION_LEVEL = 0;
				GCC_PREPROCESSOR_DEFINITIONS = (
					"DEBUG=1",
					"$(inherited)",
				);
				GCC_WARN_64_TO_32_BIT_CONVERSION = YES;
				GCC_WARN_ABOUT_RETURN_TYPE = YES_ERROR;
				GCC_WARN_UNDECLARED_SELECTOR = YES;
				GCC_WARN_UNINITIALIZED_AUTOS = YES_AGGRESSIVE;
				GCC_WARN_UNUSED_FUNCTION = YES;
				GCC_WARN_UNUSED_VARIABLE = YES;
				IPHONEOS_DEPLOYMENT_TARGET = 13.5;
				MTL_ENABLE_DEBUG_INFO = INCLUDE_SOURCE;
				MTL_FAST_MATH = YES;
				ONLY_ACTIVE_ARCH = YES;
				SDKROOT = iphoneos;
				SWIFT_ACTIVE_COMPILATION_CONDITIONS = DEBUG;
				SWIFT_OPTIMIZATION_LEVEL = "-Onone";
			};
			name = Debug;
		};
		10F2034124A5CFC900FA6FAA /* Release */ = {
			isa = XCBuildConfiguration;
			buildSettings = {
				ALWAYS_SEARCH_USER_PATHS = NO;
				CLANG_ANALYZER_NONNULL = YES;
				CLANG_ANALYZER_NUMBER_OBJECT_CONVERSION = YES_AGGRESSIVE;
				CLANG_CXX_LANGUAGE_STANDARD = "gnu++14";
				CLANG_CXX_LIBRARY = "libc++";
				CLANG_ENABLE_MODULES = YES;
				CLANG_ENABLE_OBJC_ARC = YES;
				CLANG_ENABLE_OBJC_WEAK = YES;
				CLANG_WARN_BLOCK_CAPTURE_AUTORELEASING = YES;
				CLANG_WARN_BOOL_CONVERSION = YES;
				CLANG_WARN_COMMA = YES;
				CLANG_WARN_CONSTANT_CONVERSION = YES;
				CLANG_WARN_DEPRECATED_OBJC_IMPLEMENTATIONS = YES;
				CLANG_WARN_DIRECT_OBJC_ISA_USAGE = YES_ERROR;
				CLANG_WARN_DOCUMENTATION_COMMENTS = YES;
				CLANG_WARN_EMPTY_BODY = YES;
				CLANG_WARN_ENUM_CONVERSION = YES;
				CLANG_WARN_INFINITE_RECURSION = YES;
				CLANG_WARN_INT_CONVERSION = YES;
				CLANG_WARN_NON_LITERAL_NULL_CONVERSION = YES;
				CLANG_WARN_OBJC_IMPLICIT_RETAIN_SELF = YES;
				CLANG_WARN_OBJC_LITERAL_CONVERSION = YES;
				CLANG_WARN_OBJC_ROOT_CLASS = YES_ERROR;
				CLANG_WARN_RANGE_LOOP_ANALYSIS = YES;
				CLANG_WARN_STRICT_PROTOTYPES = YES;
				CLANG_WARN_SUSPICIOUS_MOVE = YES;
				CLANG_WARN_UNGUARDED_AVAILABILITY = YES_AGGRESSIVE;
				CLANG_WARN_UNREACHABLE_CODE = YES;
				CLANG_WARN__DUPLICATE_METHOD_MATCH = YES;
				COPY_PHASE_STRIP = NO;
				DEBUG_INFORMATION_FORMAT = "dwarf-with-dsym";
				ENABLE_NS_ASSERTIONS = NO;
				ENABLE_STRICT_OBJC_MSGSEND = YES;
				GCC_C_LANGUAGE_STANDARD = gnu11;
				GCC_NO_COMMON_BLOCKS = YES;
				GCC_WARN_64_TO_32_BIT_CONVERSION = YES;
				GCC_WARN_ABOUT_RETURN_TYPE = YES_ERROR;
				GCC_WARN_UNDECLARED_SELECTOR = YES;
				GCC_WARN_UNINITIALIZED_AUTOS = YES_AGGRESSIVE;
				GCC_WARN_UNUSED_FUNCTION = YES;
				GCC_WARN_UNUSED_VARIABLE = YES;
				IPHONEOS_DEPLOYMENT_TARGET = 13.5;
				MTL_ENABLE_DEBUG_INFO = NO;
				MTL_FAST_MATH = YES;
				SDKROOT = iphoneos;
				SWIFT_COMPILATION_MODE = wholemodule;
				SWIFT_OPTIMIZATION_LEVEL = "-O";
				VALIDATE_PRODUCT = YES;
			};
			name = Release;
		};
		10F2034324A5CFC900FA6FAA /* Debug */ = {
			isa = XCBuildConfiguration;
			buildSettings = {
				ASSETCATALOG_COMPILER_APPICON_NAME = AppIcon;
				CODE_SIGN_STYLE = Automatic;
				DEVELOPMENT_TEAM = TJ5DCYZ654;
				INFOPLIST_FILE = PersonalityQuiz/Info.plist;
				LD_RUNPATH_SEARCH_PATHS = (
					"$(inherited)",
					"@executable_path/Frameworks",
				);
				PRODUCT_BUNDLE_IDENTIFIER = com.arinasawa.PersonalityQuiz;
				PRODUCT_NAME = "$(TARGET_NAME)";
				SWIFT_VERSION = 5.0;
				TARGETED_DEVICE_FAMILY = "1,2";
			};
			name = Debug;
		};
		10F2034424A5CFC900FA6FAA /* Release */ = {
			isa = XCBuildConfiguration;
			buildSettings = {
				ASSETCATALOG_COMPILER_APPICON_NAME = AppIcon;
				CODE_SIGN_STYLE = Automatic;
				DEVELOPMENT_TEAM = TJ5DCYZ654;
				INFOPLIST_FILE = PersonalityQuiz/Info.plist;
				LD_RUNPATH_SEARCH_PATHS = (
					"$(inherited)",
					"@executable_path/Frameworks",
				);
				PRODUCT_BUNDLE_IDENTIFIER = com.arinasawa.PersonalityQuiz;
				PRODUCT_NAME = "$(TARGET_NAME)";
				SWIFT_VERSION = 5.0;
				TARGETED_DEVICE_FAMILY = "1,2";
			};
			name = Release;
		};
/* End XCBuildConfiguration section */

/* Begin XCConfigurationList section */
		10F2032924A5CFC500FA6FAA /* Build configuration list for PBXProject "PersonalityQuiz" */ = {
			isa = XCConfigurationList;
			buildConfigurations = (
				10F2034024A5CFC900FA6FAA /* Debug */,
				10F2034124A5CFC900FA6FAA /* Release */,
			);
			defaultConfigurationIsVisible = 0;
			defaultConfigurationName = Release;
		};
		10F2034224A5CFC900FA6FAA /* Build configuration list for PBXNativeTarget "PersonalityQuiz" */ = {
			isa = XCConfigurationList;
			buildConfigurations = (
				10F2034324A5CFC900FA6FAA /* Debug */,
				10F2034424A5CFC900FA6FAA /* Release */,
			);
			defaultConfigurationIsVisible = 0;
			defaultConfigurationName = Release;
		};
/* End XCConfigurationList section */
	};
	rootObject = 10F2032624A5CFC500FA6FAA /* Project object */;
}
